// !$*UTF8*$!
{
	archiveVersion = 1;
	classes = {
	};
	objectVersion = 56;
	objects = {

/* Begin PBXBuildFile section */
		A797EC6A29CA589D00447DDE /* Media.cpp in Sources */ = {isa = PBXBuildFile; fileRef = A797EC6229CA589D00447DDE /* Media.cpp */; };
		A797EC6B29CA589D00447DDE /* Animation.cpp in Sources */ = {isa = PBXBuildFile; fileRef = A797EC6429CA589D00447DDE /* Animation.cpp */; };
		A797EC6C29CA589D00447DDE /* VRVideo.cpp in Sources */ = {isa = PBXBuildFile; fileRef = A797EC6529CA589D00447DDE /* VRVideo.cpp */; };
		A797EC6D29CA589D00447DDE /* main.cpp in Sources */ = {isa = PBXBuildFile; fileRef = A797EC6729CA589D00447DDE /* main.cpp */; };
		A797EC6E29CA589D00447DDE /* Video.cpp in Sources */ = {isa = PBXBuildFile; fileRef = A797EC6929CA589D00447DDE /* Video.cpp */; };
/* End PBXBuildFile section */

/* Begin PBXCopyFilesBuildPhase section */
		A797EC5529CA586700447DDE /* CopyFiles */ = {
			isa = PBXCopyFilesBuildPhase;
			buildActionMask = 2147483647;
			dstPath = /usr/share/man/man1/;
			dstSubfolderSpec = 0;
			files = (
			);
			runOnlyForDeploymentPostprocessing = 1;
		};
/* End PBXCopyFilesBuildPhase section */

/* Begin PBXFileReference section */
		A797EC5729CA586700447DDE /* LAB */ = {isa = PBXFileReference; explicitFileType = "compiled.mach-o.executable"; includeInIndex = 0; path = LAB; sourceTree = BUILT_PRODUCTS_DIR; };
		A797EC6129CA589D00447DDE /* Video.h */ = {isa = PBXFileReference; fileEncoding = 4; lastKnownFileType = sourcecode.c.h; path = Video.h; sourceTree = "<group>"; };
		A797EC6229CA589D00447DDE /* Media.cpp */ = {isa = PBXFileReference; fileEncoding = 4; lastKnownFileType = sourcecode.cpp.cpp; path = Media.cpp; sourceTree = "<group>"; };
		A797EC6329CA589D00447DDE /* VRVideo.h */ = {isa = PBXFileReference; fileEncoding = 4; lastKnownFileType = sourcecode.c.h; path = VRVideo.h; sourceTree = "<group>"; };
		A797EC6429CA589D00447DDE /* Animation.cpp */ = {isa = PBXFileReference; fileEncoding = 4; lastKnownFileType = sourcecode.cpp.cpp; path = Animation.cpp; sourceTree = "<group>"; };
		A797EC6529CA589D00447DDE /* VRVideo.cpp */ = {isa = PBXFileReference; fileEncoding = 4; lastKnownFileType = sourcecode.cpp.cpp; path = VRVideo.cpp; sourceTree = "<group>"; };
		A797EC6629CA589D00447DDE /* Media.h */ = {isa = PBXFileReference; fileEncoding = 4; lastKnownFileType = sourcecode.c.h; path = Media.h; sourceTree = "<group>"; };
		A797EC6729CA589D00447DDE /* main.cpp */ = {isa = PBXFileReference; fileEncoding = 4; lastKnownFileType = sourcecode.cpp.cpp; path = main.cpp; sourceTree = "<group>"; };
		A797EC6829CA589D00447DDE /* Animation.h */ = {isa = PBXFileReference; fileEncoding = 4; lastKnownFileType = sourcecode.c.h; path = Animation.h; sourceTree = "<group>"; };
		A797EC6929CA589D00447DDE /* Video.cpp */ = {isa = PBXFileReference; fileEncoding = 4; lastKnownFileType = sourcecode.cpp.cpp; path = Video.cpp; sourceTree = "<group>"; };
/* End PBXFileReference section */

/* Begin PBXFrameworksBuildPhase section */
		A797EC5429CA586700447DDE /* Frameworks */ = {
			isa = PBXFrameworksBuildPhase;
			buildActionMask = 2147483647;
			files = (
			);
			runOnlyForDeploymentPostprocessing = 0;
		};
/* End PBXFrameworksBuildPhase section */

/* Begin PBXGroup section */
		A797EC4E29CA586700447DDE = {
			isa = PBXGroup;
			children = (
				A797EC5929CA586700447DDE /* LAB */,
				A797EC5829CA586700447DDE /* Products */,
			);
			sourceTree = "<group>";
		};
		A797EC5829CA586700447DDE /* Products */ = {
			isa = PBXGroup;
			children = (
				A797EC5729CA586700447DDE /* LAB */,
			);
			name = Products;
			sourceTree = "<group>";
		};
		A797EC5929CA586700447DDE /* LAB */ = {
			isa = PBXGroup;
			children = (
				A797EC6729CA589D00447DDE /* main.cpp */,
				A797EC6629CA589D00447DDE /* Media.h */,
				A797EC6229CA589D00447DDE /* Media.cpp */,
				A797EC6129CA589D00447DDE /* Video.h */,
				A797EC6929CA589D00447DDE /* Video.cpp */,
				A797EC6829CA589D00447DDE /* Animation.h */,
				A797EC6429CA589D00447DDE /* Animation.cpp */,
				A797EC6329CA589D00447DDE /* VRVideo.h */,
				A797EC6529CA589D00447DDE /* VRVideo.cpp */,
			);
			path = LAB;
			sourceTree = "<group>";
		};
/* End PBXGroup section */

/* Begin PBXNativeTarget section */
		A797EC5629CA586700447DDE /* LAB */ = {
			isa = PBXNativeTarget;
			buildConfigurationList = A797EC5E29CA586700447DDE /* Build configuration list for PBXNativeTarget "LAB" */;
			buildPhases = (
				A797EC5329CA586700447DDE /* Sources */,
				A797EC5429CA586700447DDE /* Frameworks */,
				A797EC5529CA586700447DDE /* CopyFiles */,
			);
			buildRules = (
			);
			dependencies = (
			);
			name = LAB;
			productName = LAB;
			productReference = A797EC5729CA586700447DDE /* LAB */;
			productType = "com.apple.product-type.tool";
		};
/* End PBXNativeTarget section */

/* Begin PBXProject section */
		A797EC4F29CA586700447DDE /* Project object */ = {
			isa = PBXProject;
			attributes = {
				BuildIndependentTargetsInParallel = 1;
				LastUpgradeCheck = 1420;
				TargetAttributes = {
					A797EC5629CA586700447DDE = {
						CreatedOnToolsVersion = 14.2;
					};
				};
			};
			buildConfigurationList = A797EC5229CA586700447DDE /* Build configuration list for PBXProject "LAB" */;
			compatibilityVersion = "Xcode 14.0";
			developmentRegion = en;
			hasScannedForEncodings = 0;
			knownRegions = (
				en,
				Base,
			);
			mainGroup = A797EC4E29CA586700447DDE;
			productRefGroup = A797EC5829CA586700447DDE /* Products */;
			projectDirPath = "";
			projectRoot = "";
			targets = (
				A797EC5629CA586700447DDE /* LAB */,
			);
		};
/* End PBXProject section */

/* Begin PBXSourcesBuildPhase section */
		A797EC5329CA586700447DDE /* Sources */ = {
			isa = PBXSourcesBuildPhase;
			buildActionMask = 2147483647;
			files = (
				A797EC6B29CA589D00447DDE /* Animation.cpp in Sources */,
				A797EC6C29CA589D00447DDE /* VRVideo.cpp in Sources */,
				A797EC6D29CA589D00447DDE /* main.cpp in Sources */,
				A797EC6E29CA589D00447DDE /* Video.cpp in Sources */,
				A797EC6A29CA589D00447DDE /* Media.cpp in Sources */,
			);
			runOnlyForDeploymentPostprocessing = 0;
		};
/* End PBXSourcesBuildPhase section */

/* Begin XCBuildConfiguration section */
		A797EC5C29CA586700447DDE /* Debug */ = {
			isa = XCBuildConfiguration;
			buildSettings = {
				ALWAYS_SEARCH_USER_PATHS = NO;
				CLANG_ANALYZER_NONNULL = YES;
				CLANG_ANALYZER_NUMBER_OBJECT_CONVERSION = YES_AGGRESSIVE;
				CLANG_CXX_LANGUAGE_STANDARD = "gnu++20";
				CLANG_ENABLE_MODULES = YES;
				CLANG_ENABLE_OBJC_ARC = YES;
				CLANG_ENABLE_OBJC_WEAK = YES;
				CLANG_WARN_BLOCK_CAPTURE_AUTORELEASING = YES;
				CLANG_WARN_BOOL_CONVERSION = YES;
				CLANG_WARN_COMMA = YES;
				CLANG_WARN_CONSTANT_CONVERSION = YES;
				CLANG_WARN_DEPRECATED_OBJC_IMPLEMENTATIONS = YES;
				CLANG_WARN_DIRECT_OBJC_ISA_USAGE = YES_ERROR;
				CLANG_WARN_DOCUMENTATION_COMMENTS = YES;
				CLANG_WARN_EMPTY_BODY = YES;
				CLANG_WARN_ENUM_CONVERSION = YES;
				CLANG_WARN_INFINITE_RECURSION = YES;
				CLANG_WARN_INT_CONVERSION = YES;
				CLANG_WARN_NON_LITERAL_NULL_CONVERSION = YES;
				CLANG_WARN_OBJC_IMPLICIT_RETAIN_SELF = YES;
				CLANG_WARN_OBJC_LITERAL_CONVERSION = YES;
				CLANG_WARN_OBJC_ROOT_CLASS = YES_ERROR;
				CLANG_WARN_QUOTED_INCLUDE_IN_FRAMEWORK_HEADER = YES;
				CLANG_WARN_RANGE_LOOP_ANALYSIS = YES;
				CLANG_WARN_STRICT_PROTOTYPES = YES;
				CLANG_WARN_SUSPICIOUS_MOVE = YES;
				CLANG_WARN_UNGUARDED_AVAILABILITY = YES_AGGRESSIVE;
				CLANG_WARN_UNREACHABLE_CODE = YES;
				CLANG_WARN__DUPLICATE_METHOD_MATCH = YES;
				COPY_PHASE_STRIP = NO;
				DEBUG_INFORMATION_FORMAT = dwarf;
				ENABLE_STRICT_OBJC_MSGSEND = YES;
				ENABLE_TESTABILITY = YES;
				GCC_C_LANGUAGE_STANDARD = gnu11;
				GCC_DYNAMIC_NO_PIC = NO;
				GCC_NO_COMMON_BLOCKS = YES;
				GCC_OPTIMIZATION_LEVEL = 0;
				GCC_PREPROCESSOR_DEFINITIONS = (
					"DEBUG=1",
					"$(inherited)",
				);
				GCC_WARN_64_TO_32_BIT_CONVERSION = YES;
				GCC_WARN_ABOUT_RETURN_TYPE = YES_ERROR;
				GCC_WARN_UNDECLARED_SELECTOR = YES;
				GCC_WARN_UNINITIALIZED_AUTOS = YES_AGGRESSIVE;
				GCC_WARN_UNUSED_FUNCTION = YES;
				GCC_WARN_UNUSED_VARIABLE = YES;
				MACOSX_DEPLOYMENT_TARGET = 13.1;
				MTL_ENABLE_DEBUG_INFO = INCLUDE_SOURCE;
				MTL_FAST_MATH = YES;
				ONLY_ACTIVE_ARCH = YES;
				SDKROOT = macosx;
			};
			name = Debug;
		};
		A797EC5D29CA586700447DDE /* Release */ = {
			isa = XCBuildConfiguration;
			buildSettings = {
				ALWAYS_SEARCH_USER_PATHS = NO;
				CLANG_ANALYZER_NONNULL = YES;
				CLANG_ANALYZER_NUMBER_OBJECT_CONVERSION = YES_AGGRESSIVE;
				CLANG_CXX_LANGUAGE_STANDARD = "gnu++20";
				CLANG_ENABLE_MODULES = YES;
				CLANG_ENABLE_OBJC_ARC = YES;
				CLANG_ENABLE_OBJC_WEAK = YES;
				CLANG_WARN_BLOCK_CAPTURE_AUTORELEASING = YES;
				CLANG_WARN_BOOL_CONVERSION = YES;
				CLANG_WARN_COMMA = YES;
				CLANG_WARN_CONSTANT_CONVERSION = YES;
				CLANG_WARN_DEPRECATED_OBJC_IMPLEMENTATIONS = YES;
				CLANG_WARN_DIRECT_OBJC_ISA_USAGE = YES_ERROR;
				CLANG_WARN_DOCUMENTATION_COMMENTS = YES;
				CLANG_WARN_EMPTY_BODY = YES;
				CLANG_WARN_ENUM_CONVERSION = YES;
				CLANG_WARN_INFINITE_RECURSION = YES;
				CLANG_WARN_INT_CONVERSION = YES;
				CLANG_WARN_NON_LITERAL_NULL_CONVERSION = YES;
				CLANG_WARN_OBJC_IMPLICIT_RETAIN_SELF = YES;
				CLANG_WARN_OBJC_LITERAL_CONVERSION = YES;
				CLANG_WARN_OBJC_ROOT_CLASS = YES_ERROR;
				CLANG_WARN_QUOTED_INCLUDE_IN_FRAMEWORK_HEADER = YES;
				CLANG_WARN_RANGE_LOOP_ANALYSIS = YES;
				CLANG_WARN_STRICT_PROTOTYPES = YES;
				CLANG_WARN_SUSPICIOUS_MOVE = YES;
				CLANG_WARN_UNGUARDED_AVAILABILITY = YES_AGGRESSIVE;
				CLANG_WARN_UNREACHABLE_CODE = YES;
				CLANG_WARN__DUPLICATE_METHOD_MATCH = YES;
				COPY_PHASE_STRIP = NO;
				DEBUG_INFORMATION_FORMAT = "dwarf-with-dsym";
				ENABLE_NS_ASSERTIONS = NO;
				ENABLE_STRICT_OBJC_MSGSEND = YES;
				GCC_C_LANGUAGE_STANDARD = gnu11;
				GCC_NO_COMMON_BLOCKS = YES;
				GCC_WARN_64_TO_32_BIT_CONVERSION = YES;
				GCC_WARN_ABOUT_RETURN_TYPE = YES_ERROR;
				GCC_WARN_UNDECLARED_SELECTOR = YES;
				GCC_WARN_UNINITIALIZED_AUTOS = YES_AGGRESSIVE;
				GCC_WARN_UNUSED_FUNCTION = YES;
				GCC_WARN_UNUSED_VARIABLE = YES;
				MACOSX_DEPLOYMENT_TARGET = 13.1;
				MTL_ENABLE_DEBUG_INFO = NO;
				MTL_FAST_MATH = YES;
				SDKROOT = macosx;
			};
			name = Release;
		};
		A797EC5F29CA586700447DDE /* Debug */ = {
			isa = XCBuildConfiguration;
			buildSettings = {
				CODE_SIGN_STYLE = Automatic;
				PRODUCT_NAME = "$(TARGET_NAME)";
			};
			name = Debug;
		};
		A797EC6029CA586700447DDE /* Release */ = {
			isa = XCBuildConfiguration;
			buildSettings = {
				CODE_SIGN_STYLE = Automatic;
				PRODUCT_NAME = "$(TARGET_NAME)";
			};
			name = Release;
		};
/* End XCBuildConfiguration section */

/* Begin XCConfigurationList section */
		A797EC5229CA586700447DDE /* Build configuration list for PBXProject "LAB" */ = {
			isa = XCConfigurationList;
			buildConfigurations = (
				A797EC5C29CA586700447DDE /* Debug */,
				A797EC5D29CA586700447DDE /* Release */,
			);
			defaultConfigurationIsVisible = 0;
			defaultConfigurationName = Release;
		};
		A797EC5E29CA586700447DDE /* Build configuration list for PBXNativeTarget "LAB" */ = {
			isa = XCConfigurationList;
			buildConfigurations = (
				A797EC5F29CA586700447DDE /* Debug */,
				A797EC6029CA586700447DDE /* Release */,
			);
			defaultConfigurationIsVisible = 0;
			defaultConfigurationName = Release;
		};
/* End XCConfigurationList section */
	};
	rootObject = A797EC4F29CA586700447DDE /* Project object */;
}
